{
  "originHash" : "4a1ac9982cc5063a45e02760517abea7a51f4ee82f5561be930132bcde308f70",
  "pins" : [
    {
      "identity" : "wwexpandabletextview",
      "kind" : "remoteSourceControl",
      "location" : "https://github.com/William-Weng/WWExpandableTextView",
      "state" : {
        "revision" : "f0a4104c848ff7a7d381def11aef74529098e8e3",
        "version" : "1.0.2"
      }
    },
    {
      "identity" : "wwkeyboardshadowview",
      "kind" : "remoteSourceControl",
      "location" : "https://github.com/William-Weng/WWKeyboardShadowView",
      "state" : {
        "revision" : "3ca6e8206dc9cc470a8147f4114b0789c08b4d6b",
        "version" : "1.1.0"
      }
    }
  ],
  "version" : 3
}
