{
  "originHash" : "4a1ac9982cc5063a45e02760517abea7a51f4ee82f5561be930132bcde308f70",
  "pins" : [
    {
      "identity" : "wwexpandabletextview",
      "kind" : "remoteSourceControl",
      "location" : "https://github.com/William-Weng/WWExpandableTextView",
      "state" : {
        "branch" : "main",
        "revision" : "b933295c0257e5aa61510cd56a4c07ea4902b231"
      }
    },
    {
      "identity" : "wwkeyboardshadowview",
      "kind" : "remoteSourceControl",
      "location" : "https://github.com/William-Weng/WWKeyboardShadowView",
      "state" : {
        "revision" : "968e05130d72e87a3594a355ce23bdd959343479",
        "version" : "1.0.3"
      }
    }
  ],
  "version" : 3
}
